<?xml version="1.0" encoding="UTF-8"?>
<!DOCTYPE plist PUBLIC "-//Apple//DTD PLIST 1.0//EN" "http://www.apple.com/DTDs/PropertyList-1.0.dtd">
<plist version="1.0">
<dict>
	<key>archiveVersion</key>
	<string>1</string>
	<key>classes</key>
	<dict/>
	<key>objectVersion</key>
	<string>46</string>
	<key>objects</key>
	<dict>
		<key>221d2f7e72298761bb87fa07</key>
		<dict>
			<key>fileRef</key>
			<string>b08146d40cf7e2a47a6f224f</string>
			<key>isa</key>
			<string>PBXBuildFile</string>
		</dict>
		<key>24f102c1746eb3825e194e66</key>
		<dict>
			<key>fileRef</key>
			<string>B137ADF4143F6EBF007184CB</string>
			<key>isa</key>
			<string>PBXBuildFile</string>
		</dict>
		<key>27a0d68672a12ae5646dbfb9</key>
		<dict>
			<key>fileRef</key>
			<string>B137ADEB143F6EBF007184CB</string>
			<key>isa</key>
			<string>PBXBuildFile</string>
		</dict>
		<key>3742f0fdf729cbe770e4ac87</key>
		<dict>
			<key>fileRef</key>
			<string>70ca87a0e9f71577e925d38d</string>
			<key>isa</key>
			<string>PBXBuildFile</string>
		</dict>
		<key>391bb03634c9ec851d2145ff</key>
		<dict>
			<key>fileRef</key>
			<string>B19151D214549ED100A70274</string>
			<key>isa</key>
			<string>PBXBuildFile</string>
		</dict>
		<key>3d11cdc9fe66579305a2aefe</key>
		<dict>
			<key>fileRef</key>
			<string>B1497425144B4CBE00E6EE79</string>
			<key>isa</key>
			<string>PBXBuildFile</string>
		</dict>
		<key>4023088578d03476f44c0e08</key>
		<dict>
			<key>fileRef</key>
			<string>B137ADDF143F6EBF007184CB</string>
			<key>isa</key>
			<string>PBXBuildFile</string>
		</dict>
		<key>4882f4a12323ddc8eec4d5e6</key>
		<dict>
			<key>fileRef</key>
			<string>B19151CC14549E1200A70274</string>
			<key>isa</key>
			<string>PBXBuildFile</string>
		</dict>
		<key>4d75e6fa308564ddf538b543</key>
		<dict>
			<key>fileRef</key>
			<string>B137ADF6143F6EBF007184CB</string>
			<key>isa</key>
			<string>PBXBuildFile</string>
		</dict>
		<key>57194d5e9b2416a063385ce9</key>
		<dict>
			<key>fileRef</key>
			<string>B137ADE2143F6EBF007184CB</string>
			<key>isa</key>
			<string>PBXBuildFile</string>
		</dict>
		<key>66178e48eaa7dafbcefd11f8</key>
		<dict>
			<key>fileRef</key>
			<string>B19151D114549ED100A70274</string>
			<key>isa</key>
			<string>PBXBuildFile</string>
		</dict>
		<key>6d86df8c3032e420a1ada90c</key>
		<dict>
			<key>buildSettings</key>
			<dict>
				<key>FRAMEWORK_SEARCH_PATHS</key>
				<array>
					<string></string>
					<string>$(inherited)</string>
					<string>"$(SRCROOT)"</string>
				</array>
				<key>GCC_PRECOMPILE_PREFIX_HEADER</key>
				<string>YES</string>
				<key>GCC_PREFIX_HEADER</key>
				<string>LPSimpleExample/LPSimpleExample-Prefix.pch</string>
				<key>INFOPLIST_FILE</key>
				<string>LPSimpleExample/LPSimpleExample-Info.plist</string>
				<key>IPHONEOS_DEPLOYMENT_TARGET</key>
				<string>6.0</string>
				<key>OTHER_LDFLAGS</key>
				<array>
					<string>$(inherited)</string>
					<string>-force_load</string>
					<string>"$(SRCROOT)/calabash.framework/calabash"</string>
					<string>-lstdc++</string>
				</array>
				<key>PRODUCT_NAME</key>
				<string>$(TARGET_NAME)</string>
				<key>WRAPPER_EXTENSION</key>
				<string>app</string>
			</dict>
			<key>isa</key>
			<string>XCBuildConfiguration</string>
			<key>name</key>
			<string>Debug</string>
		</dict>
		<key>6fa5e32a13404cd49aa26655</key>
		<dict>
			<key>buildActionMask</key>
			<string>2147483647</string>
			<key>files</key>
			<array>
				<string>4023088578d03476f44c0e08</string>
				<string>27a0d68672a12ae5646dbfb9</string>
				<string>c34959b57a80c33c9252951b</string>
				<string>85389748a19e2b6401cb93cf</string>
				<string>24f102c1746eb3825e194e66</string>
				<string>4d75e6fa308564ddf538b543</string>
				<string>cd18319808024f1f97ce4987</string>
				<string>d7ab0715a698184c8b1d98ee</string>
				<string>391bb03634c9ec851d2145ff</string>
			</array>
			<key>isa</key>
			<string>PBXResourcesBuildPhase</string>
			<key>runOnlyForDeploymentPostprocessing</key>
			<string>0</string>
		</dict>
		<key>70ca87a0e9f71577e925d38d</key>
		<dict>
			<key>fileEncoding</key>
			<string>4</string>
			<key>isa</key>
			<string>PBXFileReference</string>
			<key>lastKnownFileType</key>
			<string>wrapper.framework</string>
			<key>name</key>
			<string>calabash.framework</string>
			<key>path</key>
			<string>calabash.framework</string>
			<key>sourceTree</key>
			<string>&lt;group&gt;</string>
		</dict>
		<key>795be245d2a74d618448b864</key>
		<dict>
			<key>fileRef</key>
			<string>B137ADDA143F6EBF007184CB</string>
			<key>isa</key>
			<string>PBXBuildFile</string>
		</dict>
		<key>814d494f247697deae6d4c71</key>
		<dict>
			<key>buildActionMask</key>
			<string>2147483647</string>
			<key>files</key>
			<array>
				<string>8174d3bec76c425ce3e3b2e1</string>
				<string>9a50126be526e02ce5cbd531</string>
				<string>b6e9854ec410b137fcf77b2f</string>
				<string>795be245d2a74d618448b864</string>
				<string>221d2f7e72298761bb87fa07</string>
				<string>3742f0fdf729cbe770e4ac87</string>
			</array>
			<key>isa</key>
			<string>PBXFrameworksBuildPhase</string>
			<key>runOnlyForDeploymentPostprocessing</key>
			<string>0</string>
		</dict>
		<key>8174d3bec76c425ce3e3b2e1</key>
		<dict>
			<key>fileRef</key>
			<string>B137AE01143F7109007184CB</string>
			<key>isa</key>
			<string>PBXBuildFile</string>
		</dict>
		<key>85389748a19e2b6401cb93cf</key>
		<dict>
			<key>fileRef</key>
			<string>B137ADF2143F6EBF007184CB</string>
			<key>isa</key>
			<string>PBXBuildFile</string>
		</dict>
		<key>9a50126be526e02ce5cbd531</key>
		<dict>
			<key>fileRef</key>
			<string>B137ADD6143F6EBF007184CB</string>
			<key>isa</key>
			<string>PBXBuildFile</string>
		</dict>
		<key>B10AE47C14C8909E003F1704</key>
		<dict>
			<key>children</key>
			<array>
				<string>B10AE47F14C890A0003F1704</string>
				<string>B10AE48114C890A0003F1704</string>
				<string>B10AE48314C890A0003F1704</string>
				<string>B10AE48414C890A0003F1704</string>
			</array>
			<key>isa</key>
			<string>PBXGroup</string>
			<key>name</key>
			<string>Resources-iPad</string>
			<key>sourceTree</key>
			<string>&lt;group&gt;</string>
		</dict>
		<key>B10AE47F14C890A0003F1704</key>
		<dict>
			<key>children</key>
			<array>
				<string>B10AE48014C890A0003F1704</string>
			</array>
			<key>isa</key>
			<string>PBXVariantGroup</string>
			<key>name</key>
			<string>LPFirstViewController.xib</string>
			<key>sourceTree</key>
			<string>&lt;group&gt;</string>
		</dict>
		<key>B10AE48014C890A0003F1704</key>
		<dict>
			<key>isa</key>
			<string>PBXFileReference</string>
			<key>lastKnownFileType</key>
			<string>file.xib</string>
			<key>name</key>
			<string>en</string>
			<key>path</key>
			<string>Resources-iPad/LPSimpleExample/en.lproj/LPFirstViewController.xib</string>
			<key>sourceTree</key>
			<string>&lt;group&gt;</string>
		</dict>
		<key>B10AE48114C890A0003F1704</key>
		<dict>
			<key>children</key>
			<array>
				<string>B10AE48214C890A0003F1704</string>
			</array>
			<key>isa</key>
			<string>PBXVariantGroup</string>
			<key>name</key>
			<string>LPSecondViewController.xib</string>
			<key>sourceTree</key>
			<string>&lt;group&gt;</string>
		</dict>
		<key>B10AE48214C890A0003F1704</key>
		<dict>
			<key>isa</key>
			<string>PBXFileReference</string>
			<key>lastKnownFileType</key>
			<string>file.xib</string>
			<key>name</key>
			<string>en</string>
			<key>path</key>
			<string>Resources-iPad/LPSimpleExample/en.lproj/LPSecondViewController.xib</string>
			<key>sourceTree</key>
			<string>&lt;group&gt;</string>
		</dict>
		<key>B10AE48314C890A0003F1704</key>
		<dict>
			<key>isa</key>
			<string>PBXFileReference</string>
			<key>lastKnownFileType</key>
			<string>file.xib</string>
			<key>name</key>
			<string>LPThirdViewController.xib</string>
			<key>path</key>
			<string>Resources-iPad/LPSimpleExample/LPThirdViewController.xib</string>
			<key>sourceTree</key>
			<string>&lt;group&gt;</string>
		</dict>
		<key>B10AE48414C890A0003F1704</key>
		<dict>
			<key>isa</key>
			<string>PBXFileReference</string>
			<key>lastKnownFileType</key>
			<string>file.xib</string>
			<key>name</key>
			<string>LPFourthViewController.xib</string>
			<key>path</key>
			<string>Resources-iPad/LPSimpleExample/LPFourthViewController.xib</string>
			<key>sourceTree</key>
			<string>&lt;group&gt;</string>
		</dict>
		<key>B137ADC7143F6EBF007184CB</key>
		<dict>
			<key>children</key>
			<array>
				<string>B10AE47C14C8909E003F1704</string>
				<string>B137ADDC143F6EBF007184CB</string>
				<string>B137ADD5143F6EBF007184CB</string>
				<string>B137ADD3143F6EBF007184CB</string>
				<string>B1EE84381517A88D0030AB19</string>
			</array>
			<key>isa</key>
			<string>PBXGroup</string>
			<key>sourceTree</key>
			<string>&lt;group&gt;</string>
		</dict>
		<key>B137ADC9143F6EBF007184CB</key>
		<dict>
			<key>attributes</key>
			<dict>
				<key>LastUpgradeCheck</key>
				<string>0420</string>
				<key>ORGANIZATIONNAME</key>
				<string>Trifork</string>
			</dict>
			<key>buildConfigurationList</key>
			<string>B137ADCC143F6EBF007184CB</string>
			<key>compatibilityVersion</key>
			<string>Xcode 3.2</string>
			<key>developmentRegion</key>
			<string>English</string>
			<key>hasScannedForEncodings</key>
			<string>0</string>
			<key>isa</key>
			<string>PBXProject</string>
			<key>knownRegions</key>
			<array>
				<string>en</string>
			</array>
			<key>mainGroup</key>
			<string>B137ADC7143F6EBF007184CB</string>
			<key>productRefGroup</key>
			<string>B137ADD3143F6EBF007184CB</string>
			<key>projectDirPath</key>
			<string></string>
			<key>projectRoot</key>
			<string></string>
			<key>targets</key>
			<array>
				<string>B137ADD1143F6EBF007184CB</string>
				<string>fec27eec0ee309f0d4991a21</string>
			</array>
		</dict>
		<key>B137ADCC143F6EBF007184CB</key>
		<dict>
			<key>buildConfigurations</key>
			<array>
				<string>B137ADFC143F6EBF007184CB</string>
				<string>B137ADFD143F6EBF007184CB</string>
			</array>
			<key>defaultConfigurationIsVisible</key>
			<string>0</string>
			<key>defaultConfigurationName</key>
			<string>Release</string>
			<key>isa</key>
			<string>XCConfigurationList</string>
		</dict>
		<key>B137ADCE143F6EBF007184CB</key>
		<dict>
			<key>buildActionMask</key>
			<string>2147483647</string>
			<key>files</key>
			<array>
				<string>B137ADE3143F6EBF007184CB</string>
				<string>B137ADEA143F6EBF007184CB</string>
				<string>B137ADF1143F6EBF007184CB</string>
				<string>B1497426144B4CBE00E6EE79</string>
				<string>B19151CD14549E1200A70274</string>
				<string>B19151D314549ED100A70274</string>
			</array>
			<key>isa</key>
			<string>PBXSourcesBuildPhase</string>
			<key>runOnlyForDeploymentPostprocessing</key>
			<string>0</string>
		</dict>
		<key>B137ADCF143F6EBF007184CB</key>
		<dict>
			<key>buildActionMask</key>
			<string>2147483647</string>
			<key>files</key>
			<array>
				<string>B137AE02143F7109007184CB</string>
				<string>B137ADD7143F6EBF007184CB</string>
				<string>B137ADD9143F6EBF007184CB</string>
				<string>B137ADDB143F6EBF007184CB</string>
			</array>
			<key>isa</key>
			<string>PBXFrameworksBuildPhase</string>
			<key>runOnlyForDeploymentPostprocessing</key>
			<string>0</string>
		</dict>
		<key>B137ADD0143F6EBF007184CB</key>
		<dict>
			<key>buildActionMask</key>
			<string>2147483647</string>
			<key>files</key>
			<array>
				<string>B137ADE1143F6EBF007184CB</string>
				<string>B137ADEC143F6EBF007184CB</string>
				<string>B137ADEE143F6EBF007184CB</string>
				<string>B137ADF3143F6EBF007184CB</string>
				<string>B137ADF5143F6EBF007184CB</string>
				<string>B137ADF8143F6EBF007184CB</string>
				<string>B137ADFB143F6EBF007184CB</string>
				<string>B1497422144B4C8900E6EE79</string>
				<string>B19151D514549ED100A70274</string>
			</array>
			<key>isa</key>
			<string>PBXResourcesBuildPhase</string>
			<key>runOnlyForDeploymentPostprocessing</key>
			<string>0</string>
		</dict>
		<key>B137ADD1143F6EBF007184CB</key>
		<dict>
			<key>buildConfigurationList</key>
			<string>B137ADFE143F6EBF007184CB</string>
			<key>buildPhases</key>
			<array>
				<string>B137ADCE143F6EBF007184CB</string>
				<string>B137ADCF143F6EBF007184CB</string>
				<string>B137ADD0143F6EBF007184CB</string>
			</array>
			<key>buildRules</key>
			<array/>
			<key>dependencies</key>
			<array/>
			<key>isa</key>
			<string>PBXNativeTarget</string>
			<key>name</key>
			<string>LPSimpleExample</string>
			<key>productName</key>
			<string>LPSimpleExample</string>
			<key>productReference</key>
			<string>B137ADD2143F6EBF007184CB</string>
			<key>productType</key>
			<string>com.apple.product-type.application</string>
		</dict>
		<key>B137ADD2143F6EBF007184CB</key>
		<dict>
			<key>explicitFileType</key>
			<string>wrapper.application</string>
			<key>includeInIndex</key>
			<string>0</string>
			<key>isa</key>
			<string>PBXFileReference</string>
			<key>path</key>
			<string>LPSimpleExample.app</string>
			<key>sourceTree</key>
			<string>BUILT_PRODUCTS_DIR</string>
		</dict>
		<key>B137ADD3143F6EBF007184CB</key>
		<dict>
			<key>children</key>
			<array>
				<string>B137ADD2143F6EBF007184CB</string>
			</array>
			<key>isa</key>
			<string>PBXGroup</string>
			<key>name</key>
			<string>Products</string>
			<key>sourceTree</key>
			<string>&lt;group&gt;</string>
		</dict>
		<key>B137ADD5143F6EBF007184CB</key>
		<dict>
			<key>children</key>
			<array>
				<string>B137AE01143F7109007184CB</string>
				<string>B137ADD6143F6EBF007184CB</string>
				<string>B137ADD8143F6EBF007184CB</string>
				<string>B137ADDA143F6EBF007184CB</string>
				<string>b08146d40cf7e2a47a6f224f</string>
				<string>70ca87a0e9f71577e925d38d</string>
			</array>
			<key>isa</key>
			<string>PBXGroup</string>
			<key>name</key>
			<string>Frameworks</string>
			<key>path</key>
			<string></string>
			<key>sourceTree</key>
			<string>&lt;group&gt;</string>
		</dict>
		<key>B137ADD6143F6EBF007184CB</key>
		<dict>
			<key>isa</key>
			<string>PBXFileReference</string>
			<key>lastKnownFileType</key>
			<string>wrapper.framework</string>
			<key>name</key>
			<string>UIKit.framework</string>
			<key>path</key>
			<string>System/Library/Frameworks/UIKit.framework</string>
			<key>sourceTree</key>
			<string>SDKROOT</string>
		</dict>
		<key>B137ADD7143F6EBF007184CB</key>
		<dict>
			<key>fileRef</key>
			<string>B137ADD6143F6EBF007184CB</string>
			<key>isa</key>
			<string>PBXBuildFile</string>
		</dict>
		<key>B137ADD8143F6EBF007184CB</key>
		<dict>
			<key>isa</key>
			<string>PBXFileReference</string>
			<key>lastKnownFileType</key>
			<string>wrapper.framework</string>
			<key>name</key>
			<string>Foundation.framework</string>
			<key>path</key>
			<string>System/Library/Frameworks/Foundation.framework</string>
			<key>sourceTree</key>
			<string>SDKROOT</string>
		</dict>
		<key>B137ADD9143F6EBF007184CB</key>
		<dict>
			<key>fileRef</key>
			<string>B137ADD8143F6EBF007184CB</string>
			<key>isa</key>
			<string>PBXBuildFile</string>
		</dict>
		<key>B137ADDA143F6EBF007184CB</key>
		<dict>
			<key>isa</key>
			<string>PBXFileReference</string>
			<key>lastKnownFileType</key>
			<string>wrapper.framework</string>
			<key>name</key>
			<string>CoreGraphics.framework</string>
			<key>path</key>
			<string>System/Library/Frameworks/CoreGraphics.framework</string>
			<key>sourceTree</key>
			<string>SDKROOT</string>
		</dict>
		<key>B137ADDB143F6EBF007184CB</key>
		<dict>
			<key>fileRef</key>
			<string>B137ADDA143F6EBF007184CB</string>
			<key>isa</key>
			<string>PBXBuildFile</string>
		</dict>
		<key>B137ADDC143F6EBF007184CB</key>
		<dict>
			<key>children</key>
			<array>
				<string>B19151CB14549E1200A70274</string>
				<string>B19151CC14549E1200A70274</string>
				<string>B137ADE8143F6EBF007184CB</string>
				<string>B137ADE9143F6EBF007184CB</string>
				<string>B137ADEB143F6EBF007184CB</string>
				<string>B137ADED143F6EBF007184CB</string>
				<string>B137ADEF143F6EBF007184CB</string>
				<string>B137ADF0143F6EBF007184CB</string>
				<string>B137ADF2143F6EBF007184CB</string>
				<string>B137ADF4143F6EBF007184CB</string>
				<string>B137ADF6143F6EBF007184CB</string>
				<string>B137ADF9143F6EBF007184CB</string>
				<string>B1497421144B4C8900E6EE79</string>
				<string>B1497424144B4CBE00E6EE79</string>
				<string>B1497425144B4CBE00E6EE79</string>
				<string>B137ADDD143F6EBF007184CB</string>
				<string>B19151D014549ED100A70274</string>
				<string>B19151D114549ED100A70274</string>
				<string>B19151D214549ED100A70274</string>
			</array>
			<key>isa</key>
			<string>PBXGroup</string>
			<key>path</key>
			<string>LPSimpleExample</string>
			<key>sourceTree</key>
			<string>&lt;group&gt;</string>
		</dict>
		<key>B137ADDD143F6EBF007184CB</key>
		<dict>
			<key>children</key>
			<array>
				<string>B137ADDE143F6EBF007184CB</string>
				<string>B137ADDF143F6EBF007184CB</string>
				<string>B137ADE2143F6EBF007184CB</string>
				<string>B137ADE4143F6EBF007184CB</string>
			</array>
			<key>isa</key>
			<string>PBXGroup</string>
			<key>name</key>
			<string>Supporting Files</string>
			<key>sourceTree</key>
			<string>&lt;group&gt;</string>
		</dict>
		<key>B137ADDE143F6EBF007184CB</key>
		<dict>
			<key>isa</key>
			<string>PBXFileReference</string>
			<key>lastKnownFileType</key>
			<string>text.plist.xml</string>
			<key>path</key>
			<string>LPSimpleExample-Info.plist</string>
			<key>sourceTree</key>
			<string>&lt;group&gt;</string>
		</dict>
		<key>B137ADDF143F6EBF007184CB</key>
		<dict>
			<key>children</key>
			<array>
				<string>B137ADE0143F6EBF007184CB</string>
			</array>
			<key>isa</key>
			<string>PBXVariantGroup</string>
			<key>name</key>
			<string>InfoPlist.strings</string>
			<key>sourceTree</key>
			<string>&lt;group&gt;</string>
		</dict>
		<key>B137ADE0143F6EBF007184CB</key>
		<dict>
			<key>isa</key>
			<string>PBXFileReference</string>
			<key>lastKnownFileType</key>
			<string>text.plist.strings</string>
			<key>name</key>
			<string>en</string>
			<key>path</key>
			<string>en.lproj/InfoPlist.strings</string>
			<key>sourceTree</key>
			<string>&lt;group&gt;</string>
		</dict>
		<key>B137ADE1143F6EBF007184CB</key>
		<dict>
			<key>fileRef</key>
			<string>B137ADDF143F6EBF007184CB</string>
			<key>isa</key>
			<string>PBXBuildFile</string>
		</dict>
		<key>B137ADE2143F6EBF007184CB</key>
		<dict>
			<key>isa</key>
			<string>PBXFileReference</string>
			<key>lastKnownFileType</key>
			<string>sourcecode.c.objc</string>
			<key>path</key>
			<string>main.m</string>
			<key>sourceTree</key>
			<string>&lt;group&gt;</string>
		</dict>
		<key>B137ADE3143F6EBF007184CB</key>
		<dict>
			<key>fileRef</key>
			<string>B137ADE2143F6EBF007184CB</string>
			<key>isa</key>
			<string>PBXBuildFile</string>
		</dict>
		<key>B137ADE4143F6EBF007184CB</key>
		<dict>
			<key>isa</key>
			<string>PBXFileReference</string>
			<key>lastKnownFileType</key>
			<string>sourcecode.c.h</string>
			<key>path</key>
			<string>LPSimpleExample-Prefix.pch</string>
			<key>sourceTree</key>
			<string>&lt;group&gt;</string>
		</dict>
		<key>B137ADE8143F6EBF007184CB</key>
		<dict>
			<key>isa</key>
			<string>PBXFileReference</string>
			<key>lastKnownFileType</key>
			<string>sourcecode.c.h</string>
			<key>path</key>
			<string>LPFirstViewController.h</string>
			<key>sourceTree</key>
			<string>&lt;group&gt;</string>
		</dict>
		<key>B137ADE9143F6EBF007184CB</key>
		<dict>
			<key>isa</key>
			<string>PBXFileReference</string>
			<key>lastKnownFileType</key>
			<string>sourcecode.c.objc</string>
			<key>path</key>
			<string>LPFirstViewController.m</string>
			<key>sourceTree</key>
			<string>&lt;group&gt;</string>
		</dict>
		<key>B137ADEA143F6EBF007184CB</key>
		<dict>
			<key>fileRef</key>
			<string>B137ADE9143F6EBF007184CB</string>
			<key>isa</key>
			<string>PBXBuildFile</string>
		</dict>
		<key>B137ADEB143F6EBF007184CB</key>
		<dict>
			<key>isa</key>
			<string>PBXFileReference</string>
			<key>lastKnownFileType</key>
			<string>image.png</string>
			<key>path</key>
			<string>first.png</string>
			<key>sourceTree</key>
			<string>&lt;group&gt;</string>
		</dict>
		<key>B137ADEC143F6EBF007184CB</key>
		<dict>
			<key>fileRef</key>
			<string>B137ADEB143F6EBF007184CB</string>
			<key>isa</key>
			<string>PBXBuildFile</string>
		</dict>
		<key>B137ADED143F6EBF007184CB</key>
		<dict>
			<key>isa</key>
			<string>PBXFileReference</string>
			<key>lastKnownFileType</key>
			<string>image.png</string>
			<key>path</key>
			<string>first@2x.png</string>
			<key>sourceTree</key>
			<string>&lt;group&gt;</string>
		</dict>
		<key>B137ADEE143F6EBF007184CB</key>
		<dict>
			<key>fileRef</key>
			<string>B137ADED143F6EBF007184CB</string>
			<key>isa</key>
			<string>PBXBuildFile</string>
		</dict>
		<key>B137ADEF143F6EBF007184CB</key>
		<dict>
			<key>isa</key>
			<string>PBXFileReference</string>
			<key>lastKnownFileType</key>
			<string>sourcecode.c.h</string>
			<key>path</key>
			<string>LPSecondViewController.h</string>
			<key>sourceTree</key>
			<string>&lt;group&gt;</string>
		</dict>
		<key>B137ADF0143F6EBF007184CB</key>
		<dict>
			<key>isa</key>
			<string>PBXFileReference</string>
			<key>lastKnownFileType</key>
			<string>sourcecode.c.objc</string>
			<key>path</key>
			<string>LPSecondViewController.m</string>
			<key>sourceTree</key>
			<string>&lt;group&gt;</string>
		</dict>
		<key>B137ADF1143F6EBF007184CB</key>
		<dict>
			<key>fileRef</key>
			<string>B137ADF0143F6EBF007184CB</string>
			<key>isa</key>
			<string>PBXBuildFile</string>
		</dict>
		<key>B137ADF2143F6EBF007184CB</key>
		<dict>
			<key>isa</key>
			<string>PBXFileReference</string>
			<key>lastKnownFileType</key>
			<string>image.png</string>
			<key>path</key>
			<string>second.png</string>
			<key>sourceTree</key>
			<string>&lt;group&gt;</string>
		</dict>
		<key>B137ADF3143F6EBF007184CB</key>
		<dict>
			<key>fileRef</key>
			<string>B137ADF2143F6EBF007184CB</string>
			<key>isa</key>
			<string>PBXBuildFile</string>
		</dict>
		<key>B137ADF4143F6EBF007184CB</key>
		<dict>
			<key>isa</key>
			<string>PBXFileReference</string>
			<key>lastKnownFileType</key>
			<string>image.png</string>
			<key>path</key>
			<string>second@2x.png</string>
			<key>sourceTree</key>
			<string>&lt;group&gt;</string>
		</dict>
		<key>B137ADF5143F6EBF007184CB</key>
		<dict>
			<key>fileRef</key>
			<string>B137ADF4143F6EBF007184CB</string>
			<key>isa</key>
			<string>PBXBuildFile</string>
		</dict>
		<key>B137ADF6143F6EBF007184CB</key>
		<dict>
			<key>children</key>
			<array>
				<string>B137ADF7143F6EBF007184CB</string>
			</array>
			<key>isa</key>
			<string>PBXVariantGroup</string>
			<key>name</key>
			<string>LPFirstViewController.xib</string>
			<key>sourceTree</key>
			<string>&lt;group&gt;</string>
		</dict>
		<key>B137ADF7143F6EBF007184CB</key>
		<dict>
			<key>isa</key>
			<string>PBXFileReference</string>
			<key>lastKnownFileType</key>
			<string>file.xib</string>
			<key>name</key>
			<string>en</string>
			<key>path</key>
			<string>en.lproj/LPFirstViewController.xib</string>
			<key>sourceTree</key>
			<string>&lt;group&gt;</string>
		</dict>
		<key>B137ADF8143F6EBF007184CB</key>
		<dict>
			<key>fileRef</key>
			<string>B137ADF6143F6EBF007184CB</string>
			<key>isa</key>
			<string>PBXBuildFile</string>
		</dict>
		<key>B137ADF9143F6EBF007184CB</key>
		<dict>
			<key>children</key>
			<array>
				<string>B137ADFA143F6EBF007184CB</string>
			</array>
			<key>isa</key>
			<string>PBXVariantGroup</string>
			<key>name</key>
			<string>LPSecondViewController.xib</string>
			<key>sourceTree</key>
			<string>&lt;group&gt;</string>
		</dict>
		<key>B137ADFA143F6EBF007184CB</key>
		<dict>
			<key>isa</key>
			<string>PBXFileReference</string>
			<key>lastKnownFileType</key>
			<string>file.xib</string>
			<key>name</key>
			<string>en</string>
			<key>path</key>
			<string>en.lproj/LPSecondViewController.xib</string>
			<key>sourceTree</key>
			<string>&lt;group&gt;</string>
		</dict>
		<key>B137ADFB143F6EBF007184CB</key>
		<dict>
			<key>fileRef</key>
			<string>B137ADF9143F6EBF007184CB</string>
			<key>isa</key>
			<string>PBXBuildFile</string>
		</dict>
		<key>B137ADFC143F6EBF007184CB</key>
		<dict>
			<key>buildSettings</key>
			<dict>
				<key>ALWAYS_SEARCH_USER_PATHS</key>
				<string>NO</string>
				<key>ARCHS</key>
				<string>$(ARCHS_STANDARD_32_BIT)</string>
				<key>CODE_SIGN_IDENTITY[sdk=iphoneos*]</key>
				<string>iPhone Developer</string>
				<key>COPY_PHASE_STRIP</key>
				<string>NO</string>
				<key>FRAMEWORK_SEARCH_PATHS</key>
				<array>
					<string>$(inherited)</string>
					<string>$(SRCROOT)</string>
				</array>
				<key>GCC_C_LANGUAGE_STANDARD</key>
				<string>gnu99</string>
				<key>GCC_DYNAMIC_NO_PIC</key>
				<string>NO</string>
				<key>GCC_OPTIMIZATION_LEVEL</key>
				<string>0</string>
				<key>GCC_PREPROCESSOR_DEFINITIONS</key>
				<array>
					<string>DEBUG=1</string>
					<string>$(inherited)</string>
				</array>
				<key>GCC_SYMBOLS_PRIVATE_EXTERN</key>
				<string>NO</string>
				<key>GCC_VERSION</key>
				<string>com.apple.compilers.llvm.clang.1_0</string>
				<key>GCC_WARN_ABOUT_MISSING_PROTOTYPES</key>
				<string>YES</string>
				<key>GCC_WARN_ABOUT_RETURN_TYPE</key>
				<string>YES</string>
				<key>GCC_WARN_UNUSED_VARIABLE</key>
				<string>YES</string>
				<key>IPHONEOS_DEPLOYMENT_TARGET</key>
				<string>4.0</string>
				<key>SDKROOT</key>
				<string>iphoneos</string>
			</dict>
			<key>isa</key>
			<string>XCBuildConfiguration</string>
			<key>name</key>
			<string>Debug</string>
		</dict>
		<key>B137ADFD143F6EBF007184CB</key>
		<dict>
			<key>buildSettings</key>
			<dict>
				<key>ALWAYS_SEARCH_USER_PATHS</key>
				<string>NO</string>
				<key>ARCHS</key>
				<string>$(ARCHS_STANDARD_32_BIT)</string>
				<key>CODE_SIGN_IDENTITY[sdk=iphoneos*]</key>
				<string>iPhone Developer</string>
				<key>COPY_PHASE_STRIP</key>
				<string>YES</string>
				<key>FRAMEWORK_SEARCH_PATHS</key>
				<array>
					<string>$(inherited)</string>
					<string>$(SRCROOT)</string>
				</array>
				<key>GCC_C_LANGUAGE_STANDARD</key>
				<string>gnu99</string>
				<key>GCC_VERSION</key>
				<string>com.apple.compilers.llvm.clang.1_0</string>
				<key>GCC_WARN_ABOUT_MISSING_PROTOTYPES</key>
				<string>YES</string>
				<key>GCC_WARN_ABOUT_RETURN_TYPE</key>
				<string>YES</string>
				<key>GCC_WARN_UNUSED_VARIABLE</key>
				<string>YES</string>
				<key>IPHONEOS_DEPLOYMENT_TARGET</key>
				<string>4.0</string>
				<key>OTHER_CFLAGS</key>
				<string>-DNS_BLOCK_ASSERTIONS=1</string>
				<key>SDKROOT</key>
				<string>iphoneos</string>
				<key>VALIDATE_PRODUCT</key>
				<string>YES</string>
			</dict>
			<key>isa</key>
			<string>XCBuildConfiguration</string>
			<key>name</key>
			<string>Release</string>
		</dict>
		<key>B137ADFE143F6EBF007184CB</key>
		<dict>
			<key>buildConfigurations</key>
			<array>
				<string>B137ADFF143F6EBF007184CB</string>
				<string>B137AE00143F6EBF007184CB</string>
			</array>
			<key>defaultConfigurationIsVisible</key>
			<string>0</string>
			<key>defaultConfigurationName</key>
			<string>Release</string>
			<key>isa</key>
			<string>XCConfigurationList</string>
		</dict>
		<key>B137ADFF143F6EBF007184CB</key>
		<dict>
			<key>buildSettings</key>
			<dict>
				<key>FRAMEWORK_SEARCH_PATHS</key>
				<string></string>
				<key>GCC_PRECOMPILE_PREFIX_HEADER</key>
				<string>YES</string>
				<key>GCC_PREFIX_HEADER</key>
				<string>LPSimpleExample/LPSimpleExample-Prefix.pch</string>
				<key>INFOPLIST_FILE</key>
				<string>LPSimpleExample/LPSimpleExample-Info.plist</string>
				<key>IPHONEOS_DEPLOYMENT_TARGET</key>
				<string>6.0</string>
				<key>PRODUCT_NAME</key>
				<string>$(TARGET_NAME)</string>
				<key>WRAPPER_EXTENSION</key>
				<string>app</string>
			</dict>
			<key>isa</key>
			<string>XCBuildConfiguration</string>
			<key>name</key>
			<string>Debug</string>
		</dict>
		<key>B137AE00143F6EBF007184CB</key>
		<dict>
			<key>buildSettings</key>
			<dict>
				<key>FRAMEWORK_SEARCH_PATHS</key>
				<string></string>
				<key>GCC_PRECOMPILE_PREFIX_HEADER</key>
				<string>YES</string>
				<key>GCC_PREFIX_HEADER</key>
				<string>LPSimpleExample/LPSimpleExample-Prefix.pch</string>
				<key>INFOPLIST_FILE</key>
				<string>LPSimpleExample/LPSimpleExample-Info.plist</string>
				<key>IPHONEOS_DEPLOYMENT_TARGET</key>
				<string>6.0</string>
				<key>PRODUCT_NAME</key>
				<string>$(TARGET_NAME)</string>
				<key>WRAPPER_EXTENSION</key>
				<string>app</string>
			</dict>
			<key>isa</key>
			<string>XCBuildConfiguration</string>
			<key>name</key>
			<string>Release</string>
		</dict>
		<key>B137AE01143F7109007184CB</key>
		<dict>
			<key>isa</key>
			<string>PBXFileReference</string>
			<key>lastKnownFileType</key>
			<string>wrapper.framework</string>
			<key>name</key>
			<string>MapKit.framework</string>
			<key>path</key>
			<string>System/Library/Frameworks/MapKit.framework</string>
			<key>sourceTree</key>
			<string>SDKROOT</string>
		</dict>
		<key>B137AE02143F7109007184CB</key>
		<dict>
			<key>fileRef</key>
			<string>B137AE01143F7109007184CB</string>
			<key>isa</key>
			<string>PBXBuildFile</string>
		</dict>
		<key>B1497421144B4C8900E6EE79</key>
		<dict>
			<key>fileEncoding</key>
			<string>4</string>
			<key>isa</key>
			<string>PBXFileReference</string>
			<key>lastKnownFileType</key>
			<string>file.xib</string>
			<key>path</key>
			<string>LPThirdViewController.xib</string>
			<key>sourceTree</key>
			<string>&lt;group&gt;</string>
		</dict>
		<key>B1497422144B4C8900E6EE79</key>
		<dict>
			<key>fileRef</key>
			<string>B1497421144B4C8900E6EE79</string>
			<key>isa</key>
			<string>PBXBuildFile</string>
		</dict>
		<key>B1497424144B4CBE00E6EE79</key>
		<dict>
			<key>fileEncoding</key>
			<string>4</string>
			<key>isa</key>
			<string>PBXFileReference</string>
			<key>lastKnownFileType</key>
			<string>sourcecode.c.h</string>
			<key>path</key>
			<string>LPThirdViewController.h</string>
			<key>sourceTree</key>
			<string>&lt;group&gt;</string>
		</dict>
		<key>B1497425144B4CBE00E6EE79</key>
		<dict>
			<key>fileEncoding</key>
			<string>4</string>
			<key>isa</key>
			<string>PBXFileReference</string>
			<key>lastKnownFileType</key>
			<string>sourcecode.c.objc</string>
			<key>path</key>
			<string>LPThirdViewController.m</string>
			<key>sourceTree</key>
			<string>&lt;group&gt;</string>
		</dict>
		<key>B1497426144B4CBE00E6EE79</key>
		<dict>
			<key>fileRef</key>
			<string>B1497425144B4CBE00E6EE79</string>
			<key>isa</key>
			<string>PBXBuildFile</string>
		</dict>
		<key>B19151CB14549E1200A70274</key>
		<dict>
			<key>fileEncoding</key>
			<string>4</string>
			<key>isa</key>
			<string>PBXFileReference</string>
			<key>lastKnownFileType</key>
			<string>sourcecode.c.h</string>
			<key>path</key>
			<string>LPAppDelegate.h</string>
			<key>sourceTree</key>
			<string>&lt;group&gt;</string>
		</dict>
		<key>B19151CC14549E1200A70274</key>
		<dict>
			<key>fileEncoding</key>
			<string>4</string>
			<key>isa</key>
			<string>PBXFileReference</string>
			<key>lastKnownFileType</key>
			<string>sourcecode.c.objc</string>
			<key>path</key>
			<string>LPAppDelegate.m</string>
			<key>sourceTree</key>
			<string>&lt;group&gt;</string>
		</dict>
		<key>B19151CD14549E1200A70274</key>
		<dict>
			<key>fileRef</key>
			<string>B19151CC14549E1200A70274</string>
			<key>isa</key>
			<string>PBXBuildFile</string>
		</dict>
		<key>B19151D014549ED100A70274</key>
		<dict>
			<key>fileEncoding</key>
			<string>4</string>
			<key>isa</key>
			<string>PBXFileReference</string>
			<key>lastKnownFileType</key>
			<string>sourcecode.c.h</string>
			<key>path</key>
			<string>LPFourthViewController.h</string>
			<key>sourceTree</key>
			<string>&lt;group&gt;</string>
		</dict>
		<key>B19151D114549ED100A70274</key>
		<dict>
			<key>fileEncoding</key>
			<string>4</string>
			<key>isa</key>
			<string>PBXFileReference</string>
			<key>lastKnownFileType</key>
			<string>sourcecode.c.objc</string>
			<key>path</key>
			<string>LPFourthViewController.m</string>
			<key>sourceTree</key>
			<string>&lt;group&gt;</string>
		</dict>
		<key>B19151D214549ED100A70274</key>
		<dict>
			<key>fileEncoding</key>
			<string>4</string>
			<key>isa</key>
			<string>PBXFileReference</string>
			<key>lastKnownFileType</key>
			<string>file.xib</string>
			<key>path</key>
			<string>LPFourthViewController.xib</string>
			<key>sourceTree</key>
			<string>&lt;group&gt;</string>
		</dict>
		<key>B19151D314549ED100A70274</key>
		<dict>
			<key>fileRef</key>
			<string>B19151D114549ED100A70274</string>
			<key>isa</key>
			<string>PBXBuildFile</string>
		</dict>
		<key>B19151D514549ED100A70274</key>
		<dict>
			<key>fileRef</key>
			<string>B19151D214549ED100A70274</string>
			<key>isa</key>
			<string>PBXBuildFile</string>
		</dict>
		<key>B1EE84381517A88D0030AB19</key>
		<dict>
			<key>isa</key>
			<string>PBXFileReference</string>
			<key>lastKnownFileType</key>
			<string>text.plist.xml</string>
			<key>name</key>
			<string>LPSimpleExample copy-Info.plist</string>
			<key>path</key>
			<string>/Users/krukow/github/calabash-ios-example/LPSimpleExample copy-Info.plist</string>
			<key>sourceTree</key>
			<string>&lt;absolute&gt;</string>
		</dict>
		<key>b08146d40cf7e2a47a6f224f</key>
		<dict>
			<key>fileEncoding</key>
			<string>4</string>
			<key>isa</key>
			<string>PBXFileReference</string>
			<key>lastKnownFileType</key>
			<string>wrapper.framework</string>
			<key>name</key>
			<string>CFNetwork.framework</string>
			<key>path</key>
			<string>System/Library/Frameworks/CFNetwork.framework</string>
			<key>sourceTree</key>
			<string>SDKROOT</string>
		</dict>
		<key>b6e9854ec410b137fcf77b2f</key>
		<dict>
			<key>fileRef</key>
			<string>B137ADD8143F6EBF007184CB</string>
			<key>isa</key>
			<string>PBXBuildFile</string>
		</dict>
		<key>c1d71a06f9246dd2c4f041b3</key>
		<dict>
			<key>buildActionMask</key>
			<string>2147483647</string>
			<key>files</key>
			<array>
				<string>57194d5e9b2416a063385ce9</string>
				<string>ee1142721bcee6d088f55ee9</string>
				<string>cf4300e3263e6b7dca03f919</string>
				<string>3d11cdc9fe66579305a2aefe</string>
				<string>4882f4a12323ddc8eec4d5e6</string>
				<string>66178e48eaa7dafbcefd11f8</string>
			</array>
			<key>isa</key>
			<string>PBXSourcesBuildPhase</string>
			<key>runOnlyForDeploymentPostprocessing</key>
			<string>0</string>
		</dict>
		<key>c2b3d15dfac87b4899f9d050</key>
		<dict>
			<key>buildConfigurations</key>
			<array>
				<string>6d86df8c3032e420a1ada90c</string>
				<string>fdbdf4df2b506c9d74f74518</string>
			</array>
			<key>defaultConfigurationIsVisible</key>
			<string>0</string>
			<key>defaultConfigurationName</key>
			<string>Release</string>
			<key>isa</key>
			<string>XCConfigurationList</string>
		</dict>
		<key>c34959b57a80c33c9252951b</key>
		<dict>
			<key>fileRef</key>
			<string>B137ADED143F6EBF007184CB</string>
			<key>isa</key>
			<string>PBXBuildFile</string>
		</dict>
		<key>cd18319808024f1f97ce4987</key>
		<dict>
			<key>fileRef</key>
			<string>B137ADF9143F6EBF007184CB</string>
			<key>isa</key>
			<string>PBXBuildFile</string>
		</dict>
		<key>cf4300e3263e6b7dca03f919</key>
		<dict>
			<key>fileRef</key>
			<string>B137ADF0143F6EBF007184CB</string>
			<key>isa</key>
			<string>PBXBuildFile</string>
		</dict>
		<key>d7185efafba82650a90bd146</key>
		<dict>
			<key>explicitFileType</key>
			<string>wrapper.application</string>
			<key>includeInIndex</key>
			<string>0</string>
			<key>isa</key>
			<string>PBXFileReference</string>
			<key>path</key>
			<string>LPSimpleExample-cal.app</string>
			<key>sourceTree</key>
			<string>BUILT_PRODUCTS_DIR</string>
		</dict>
		<key>d7ab0715a698184c8b1d98ee</key>
		<dict>
			<key>fileRef</key>
			<string>B1497421144B4C8900E6EE79</string>
			<key>isa</key>
			<string>PBXBuildFile</string>
		</dict>
		<key>ee1142721bcee6d088f55ee9</key>
		<dict>
			<key>fileRef</key>
			<string>B137ADE9143F6EBF007184CB</string>
			<key>isa</key>
			<string>PBXBuildFile</string>
		</dict>
		<key>fdbdf4df2b506c9d74f74518</key>
		<dict>
			<key>buildSettings</key>
			<dict>
				<key>FRAMEWORK_SEARCH_PATHS</key>
				<array>
					<string></string>
					<string>$(inherited)</string>
					<string>"$(SRCROOT)"</string>
				</array>
				<key>GCC_PRECOMPILE_PREFIX_HEADER</key>
				<string>YES</string>
				<key>GCC_PREFIX_HEADER</key>
				<string>LPSimpleExample/LPSimpleExample-Prefix.pch</string>
				<key>INFOPLIST_FILE</key>
				<string>LPSimpleExample/LPSimpleExample-Info.plist</string>
				<key>IPHONEOS_DEPLOYMENT_TARGET</key>
				<string>6.0</string>
				<key>OTHER_LDFLAGS</key>
				<array>
					<string>$(inherited)</string>
					<string>-force_load</string>
					<string>"$(SRCROOT)/calabash.framework/calabash"</string>
					<string>-lstdc++</string>
				</array>
				<key>PRODUCT_NAME</key>
				<string>$(TARGET_NAME)</string>
				<key>WRAPPER_EXTENSION</key>
				<string>app</string>
			</dict>
			<key>isa</key>
			<string>XCBuildConfiguration</string>
			<key>name</key>
			<string>Release</string>
		</dict>
		<key>fec27eec0ee309f0d4991a21</key>
		<dict>
			<key>buildConfigurationList</key>
			<string>c2b3d15dfac87b4899f9d050</string>
			<key>buildPhases</key>
			<array>
				<string>c1d71a06f9246dd2c4f041b3</string>
				<string>814d494f247697deae6d4c71</string>
				<string>6fa5e32a13404cd49aa26655</string>
			</array>
			<key>buildRules</key>
			<array/>
			<key>dependencies</key>
			<array/>
			<key>isa</key>
			<string>PBXNativeTarget</string>
			<key>name</key>
			<string>LPSimpleExample-cal</string>
			<key>productName</key>
			<string>LPSimpleExample-cal</string>
			<key>productReference</key>
			<string>d7185efafba82650a90bd146</string>
			<key>productType</key>
			<string>com.apple.product-type.application</string>
		</dict>
	</dict>
	<key>rootObject</key>
	<string>B137ADC9143F6EBF007184CB</string>
</dict>
</plist>
